// !$*UTF8*$!
{
	archiveVersion = 1;
	classes = {
	};
	objectVersion = 46;
	objects = {

/* Begin PBXBuildFile section */
		073ADD0C18A501F000A5BD72 /* Instituicao.m in Sources */ = {isa = PBXBuildFile; fileRef = 073ADD0B18A501F000A5BD72 /* Instituicao.m */; };
		073ADD1218A5039C00A5BD72 /* TiposInstituicoesViewController.m in Sources */ = {isa = PBXBuildFile; fileRef = 073ADD1118A5039C00A5BD72 /* TiposInstituicoesViewController.m */; };
		073ADD1518A5045E00A5BD72 /* ListaInstTableViewController.m in Sources */ = {isa = PBXBuildFile; fileRef = 073ADD1418A5045E00A5BD72 /* ListaInstTableViewController.m */; };
		073ADD2F18A5069C00A5BD72 /* fundo botoes doacao.png in Resources */ = {isa = PBXBuildFile; fileRef = 073ADD1718A5069C00A5BD72 /* fundo botoes doacao.png */; };
		073ADD3018A5069C00A5BD72 /* fundohome 2.png in Resources */ = {isa = PBXBuildFile; fileRef = 073ADD1818A5069C00A5BD72 /* fundohome 2.png */; };
		073ADD3118A5069C00A5BD72 /* fundohome.png in Resources */ = {isa = PBXBuildFile; fileRef = 073ADD1918A5069C00A5BD72 /* fundohome.png */; };
		073ADD3218A5069C00A5BD72 /* homefundocorel.png in Resources */ = {isa = PBXBuildFile; fileRef = 073ADD1A18A5069C00A5BD72 /* homefundocorel.png */; };
		073ADD3318A5069C00A5BD72 /* image1inst1.jpeg in Resources */ = {isa = PBXBuildFile; fileRef = 073ADD1B18A5069C00A5BD72 /* image1inst1.jpeg */; };
		073ADD3418A5069C00A5BD72 /* image1inst2.jpeg in Resources */ = {isa = PBXBuildFile; fileRef = 073ADD1C18A5069C00A5BD72 /* image1inst2.jpeg */; };
		073ADD3518A5069C00A5BD72 /* image1inst3.jpeg in Resources */ = {isa = PBXBuildFile; fileRef = 073ADD1D18A5069C00A5BD72 /* image1inst3.jpeg */; };
		073ADD3618A5069C00A5BD72 /* image2inst1.jpeg in Resources */ = {isa = PBXBuildFile; fileRef = 073ADD1E18A5069C00A5BD72 /* image2inst1.jpeg */; };
		073ADD3718A5069C00A5BD72 /* image2inst2.jpeg in Resources */ = {isa = PBXBuildFile; fileRef = 073ADD1F18A5069C00A5BD72 /* image2inst2.jpeg */; };
		073ADD3818A5069C00A5BD72 /* image2inst3.jpeg in Resources */ = {isa = PBXBuildFile; fileRef = 073ADD2018A5069C00A5BD72 /* image2inst3.jpeg */; };
		073ADD3918A5069C00A5BD72 /* image3inst1.jpeg in Resources */ = {isa = PBXBuildFile; fileRef = 073ADD2118A5069C00A5BD72 /* image3inst1.jpeg */; };
		073ADD3A18A5069C00A5BD72 /* image3inst2.jpeg in Resources */ = {isa = PBXBuildFile; fileRef = 073ADD2218A5069C00A5BD72 /* image3inst2.jpeg */; };
		073ADD3B18A5069C00A5BD72 /* image3inst3.jpeg in Resources */ = {isa = PBXBuildFile; fileRef = 073ADD2318A5069C00A5BD72 /* image3inst3.jpeg */; };
		073ADD3C18A5069C00A5BD72 /* image4inst1.jpeg in Resources */ = {isa = PBXBuildFile; fileRef = 073ADD2418A5069C00A5BD72 /* image4inst1.jpeg */; };
		073ADD3D18A5069C00A5BD72 /* image4inst2.jpeg in Resources */ = {isa = PBXBuildFile; fileRef = 073ADD2518A5069C00A5BD72 /* image4inst2.jpeg */; };
		073ADD3E18A5069C00A5BD72 /* image4inst3.jpeg in Resources */ = {isa = PBXBuildFile; fileRef = 073ADD2618A5069C00A5BD72 /* image4inst3.jpeg */; };
		073ADD3F18A5069C00A5BD72 /* image5inst1.jpeg in Resources */ = {isa = PBXBuildFile; fileRef = 073ADD2718A5069C00A5BD72 /* image5inst1.jpeg */; };
		073ADD4018A5069C00A5BD72 /* image5inst2.jpeg in Resources */ = {isa = PBXBuildFile; fileRef = 073ADD2818A5069C00A5BD72 /* image5inst2.jpeg */; };
		073ADD4118A5069C00A5BD72 /* image5inst3.jpeg in Resources */ = {isa = PBXBuildFile; fileRef = 073ADD2918A5069C00A5BD72 /* image5inst3.jpeg */; };
		073ADD4218A5069C00A5BD72 /* logo2.png in Resources */ = {isa = PBXBuildFile; fileRef = 073ADD2A18A5069C00A5BD72 /* logo2.png */; };
		073ADD4318A5069C00A5BD72 /* rodape.png in Resources */ = {isa = PBXBuildFile; fileRef = 073ADD2B18A5069C00A5BD72 /* rodape.png */; };
		073ADD4418A5069C00A5BD72 /* separador.png in Resources */ = {isa = PBXBuildFile; fileRef = 073ADD2C18A5069C00A5BD72 /* separador.png */; };
		073ADD4518A5069C00A5BD72 /* separador secao detalhe.png in Resources */ = {isa = PBXBuildFile; fileRef = 073ADD2D18A5069C00A5BD72 /* separador secao detalhe.png */; };
		073ADD4618A5069C00A5BD72 /* spagseguro_logo.png in Resources */ = {isa = PBXBuildFile; fileRef = 073ADD2E18A5069C00A5BD72 /* spagseguro_logo.png */; };
		073ADD7918A50AEC00A5BD72 /* InformacoesViewController.m in Sources */ = {isa = PBXBuildFile; fileRef = 073ADD7818A50AEC00A5BD72 /* InformacoesViewController.m */; };
		073ADD7C18A50B3400A5BD72 /* CadastroViewController.m in Sources */ = {isa = PBXBuildFile; fileRef = 073ADD7B18A50B3400A5BD72 /* CadastroViewController.m */; };
		073ADD7F18A5101000A5BD72 /* LocalizacaoTableViewController.m in Sources */ = {isa = PBXBuildFile; fileRef = 073ADD7E18A5101000A5BD72 /* LocalizacaoTableViewController.m */; };
		077F9B1318A500E700A82782 /* Foundation.framework in Frameworks */ = {isa = PBXBuildFile; fileRef = 077F9B1218A500E700A82782 /* Foundation.framework */; };
		077F9B1518A500E700A82782 /* CoreGraphics.framework in Frameworks */ = {isa = PBXBuildFile; fileRef = 077F9B1418A500E700A82782 /* CoreGraphics.framework */; };
		077F9B1718A500E700A82782 /* UIKit.framework in Frameworks */ = {isa = PBXBuildFile; fileRef = 077F9B1618A500E700A82782 /* UIKit.framework */; };
		077F9B1D18A500E700A82782 /* InfoPlist.strings in Resources */ = {isa = PBXBuildFile; fileRef = 077F9B1B18A500E700A82782 /* InfoPlist.strings */; };
		077F9B1F18A500E700A82782 /* main.m in Sources */ = {isa = PBXBuildFile; fileRef = 077F9B1E18A500E700A82782 /* main.m */; };
		077F9B2318A500E700A82782 /* AppDelegate.m in Sources */ = {isa = PBXBuildFile; fileRef = 077F9B2218A500E700A82782 /* AppDelegate.m */; };
		077F9B2618A500E700A82782 /* Main.storyboard in Resources */ = {isa = PBXBuildFile; fileRef = 077F9B2418A500E700A82782 /* Main.storyboard */; };
		077F9B2918A500E700A82782 /* ViewController.m in Sources */ = {isa = PBXBuildFile; fileRef = 077F9B2818A500E700A82782 /* ViewController.m */; };
		077F9B2B18A500E700A82782 /* Images.xcassets in Resources */ = {isa = PBXBuildFile; fileRef = 077F9B2A18A500E700A82782 /* Images.xcassets */; };
		077F9B3218A500E700A82782 /* XCTest.framework in Frameworks */ = {isa = PBXBuildFile; fileRef = 077F9B3118A500E700A82782 /* XCTest.framework */; };
		077F9B3318A500E700A82782 /* Foundation.framework in Frameworks */ = {isa = PBXBuildFile; fileRef = 077F9B1218A500E700A82782 /* Foundation.framework */; };
		077F9B3418A500E700A82782 /* UIKit.framework in Frameworks */ = {isa = PBXBuildFile; fileRef = 077F9B1618A500E700A82782 /* UIKit.framework */; };
		077F9B3C18A500E700A82782 /* InfoPlist.strings in Resources */ = {isa = PBXBuildFile; fileRef = 077F9B3A18A500E700A82782 /* InfoPlist.strings */; };
		077F9B3E18A500E700A82782 /* TuAjudaTests.m in Sources */ = {isa = PBXBuildFile; fileRef = 077F9B3D18A500E700A82782 /* TuAjudaTests.m */; };
		0790826B18A901D6008E6FC1 /* DetalheInstituicaoV3ViewController.m in Sources */ = {isa = PBXBuildFile; fileRef = 0790826A18A901D6008E6FC1 /* DetalheInstituicaoV3ViewController.m */; };
		0790826E18A90231008E6FC1 /* SaibaMaisViewController.m in Sources */ = {isa = PBXBuildFile; fileRef = 0790826D18A90231008E6FC1 /* SaibaMaisViewController.m */; };
		0790827318A9042E008E6FC1 /* botao_pagseguro.png in Resources */ = {isa = PBXBuildFile; fileRef = 0790826F18A9042E008E6FC1 /* botao_pagseguro.png */; };
		0790827418A9042E008E6FC1 /* botao_paypal_com_bordas.png in Resources */ = {isa = PBXBuildFile; fileRef = 0790827018A9042E008E6FC1 /* botao_paypal_com_bordas.png */; };
		0790827518A9042E008E6FC1 /* botao_paypal.png in Resources */ = {isa = PBXBuildFile; fileRef = 0790827118A9042E008E6FC1 /* botao_paypal.png */; };
		0790827618A9042E008E6FC1 /* spagseguro_logo.png in Resources */ = {isa = PBXBuildFile; fileRef = 0790827218A9042E008E6FC1 /* spagseguro_logo.png */; };
		0790828718A90899008E6FC1 /* AELCA_capa.jpeg in Resources */ = {isa = PBXBuildFile; fileRef = 0790827F18A90898008E6FC1 /* AELCA_capa.jpeg */; };
		0790828818A90899008E6FC1 /* AEVAS_capa.jpeg in Resources */ = {isa = PBXBuildFile; fileRef = 0790828018A90898008E6FC1 /* AEVAS_capa.jpeg */; };
		0790828918A90899008E6FC1 /* CEREPAL_capa.jpeg in Resources */ = {isa = PBXBuildFile; fileRef = 0790828118A90898008E6FC1 /* CEREPAL_capa.jpeg */; };
		0790828A18A90899008E6FC1 /* Fadem_capa.jpeg in Resources */ = {isa = PBXBuildFile; fileRef = 0790828218A90898008E6FC1 /* Fadem_capa.jpeg */; };
		0790828B18A90899008E6FC1 /* IEIMAN_capa.jpeg in Resources */ = {isa = PBXBuildFile; fileRef = 0790828318A90898008E6FC1 /* IEIMAN_capa.jpeg */; };
		0790828C18A90899008E6FC1 /* ISCERGS_capa.jpeg in Resources */ = {isa = PBXBuildFile; fileRef = 0790828418A90899008E6FC1 /* ISCERGS_capa.jpeg */; };
		0790828D18A90899008E6FC1 /* ROYALE_capa.jpeg in Resources */ = {isa = PBXBuildFile; fileRef = 0790828518A90899008E6FC1 /* ROYALE_capa.jpeg */; };
		0790828E18A90899008E6FC1 /* SOS Vida_capa.jpeg in Resources */ = {isa = PBXBuildFile; fileRef = 0790828618A90899008E6FC1 /* SOS Vida_capa.jpeg */; };
/* End PBXBuildFile section */

/* Begin PBXContainerItemProxy section */
		077F9B3518A500E700A82782 /* PBXContainerItemProxy */ = {
			isa = PBXContainerItemProxy;
			containerPortal = 077F9B0718A500E700A82782 /* Project object */;
			proxyType = 1;
			remoteGlobalIDString = 077F9B0E18A500E700A82782;
			remoteInfo = TuAjuda;
		};
/* End PBXContainerItemProxy section */

/* Begin PBXFileReference section */
		073ADD0A18A501F000A5BD72 /* Instituicao.h */ = {isa = PBXFileReference; fileEncoding = 4; lastKnownFileType = sourcecode.c.h; path = Instituicao.h; sourceTree = "<group>"; };
		073ADD0B18A501F000A5BD72 /* Instituicao.m */ = {isa = PBXFileReference; fileEncoding = 4; lastKnownFileType = sourcecode.c.objc; path = Instituicao.m; sourceTree = "<group>"; };
		073ADD1018A5039C00A5BD72 /* TiposInstituicoesViewController.h */ = {isa = PBXFileReference; fileEncoding = 4; lastKnownFileType = sourcecode.c.h; path = TiposInstituicoesViewController.h; sourceTree = "<group>"; };
		073ADD1118A5039C00A5BD72 /* TiposInstituicoesViewController.m */ = {isa = PBXFileReference; fileEncoding = 4; lastKnownFileType = sourcecode.c.objc; path = TiposInstituicoesViewController.m; sourceTree = "<group>"; };
		073ADD1318A5045E00A5BD72 /* ListaInstTableViewController.h */ = {isa = PBXFileReference; fileEncoding = 4; lastKnownFileType = sourcecode.c.h; path = ListaInstTableViewController.h; sourceTree = "<group>"; };
		073ADD1418A5045E00A5BD72 /* ListaInstTableViewController.m */ = {isa = PBXFileReference; fileEncoding = 4; lastKnownFileType = sourcecode.c.objc; path = ListaInstTableViewController.m; sourceTree = "<group>"; };
		073ADD1718A5069C00A5BD72 /* fundo botoes doacao.png */ = {isa = PBXFileReference; lastKnownFileType = image.png; name = "fundo botoes doacao.png"; path = "../../ImagensWeHelp/fundo botoes doacao.png"; sourceTree = "<group>"; };
		073ADD1818A5069C00A5BD72 /* fundohome 2.png */ = {isa = PBXFileReference; lastKnownFileType = image.png; name = "fundohome 2.png"; path = "../../ImagensWeHelp/fundohome 2.png"; sourceTree = "<group>"; };
		073ADD1918A5069C00A5BD72 /* fundohome.png */ = {isa = PBXFileReference; lastKnownFileType = image.png; name = fundohome.png; path = ../../ImagensWeHelp/fundohome.png; sourceTree = "<group>"; };
		073ADD1A18A5069C00A5BD72 /* homefundocorel.png */ = {isa = PBXFileReference; lastKnownFileType = image.png; name = homefundocorel.png; path = ../../ImagensWeHelp/homefundocorel.png; sourceTree = "<group>"; };
		073ADD1B18A5069C00A5BD72 /* image1inst1.jpeg */ = {isa = PBXFileReference; lastKnownFileType = image.jpeg; name = image1inst1.jpeg; path = ../../ImagensWeHelp/image1inst1.jpeg; sourceTree = "<group>"; };
		073ADD1C18A5069C00A5BD72 /* image1inst2.jpeg */ = {isa = PBXFileReference; lastKnownFileType = image.jpeg; name = image1inst2.jpeg; path = ../../ImagensWeHelp/image1inst2.jpeg; sourceTree = "<group>"; };
		073ADD1D18A5069C00A5BD72 /* image1inst3.jpeg */ = {isa = PBXFileReference; lastKnownFileType = image.jpeg; name = image1inst3.jpeg; path = ../../ImagensWeHelp/image1inst3.jpeg; sourceTree = "<group>"; };
		073ADD1E18A5069C00A5BD72 /* image2inst1.jpeg */ = {isa = PBXFileReference; lastKnownFileType = image.jpeg; name = image2inst1.jpeg; path = ../../ImagensWeHelp/image2inst1.jpeg; sourceTree = "<group>"; };
		073ADD1F18A5069C00A5BD72 /* image2inst2.jpeg */ = {isa = PBXFileReference; lastKnownFileType = image.jpeg; name = image2inst2.jpeg; path = ../../ImagensWeHelp/image2inst2.jpeg; sourceTree = "<group>"; };
		073ADD2018A5069C00A5BD72 /* image2inst3.jpeg */ = {isa = PBXFileReference; lastKnownFileType = image.jpeg; name = image2inst3.jpeg; path = ../../ImagensWeHelp/image2inst3.jpeg; sourceTree = "<group>"; };
		073ADD2118A5069C00A5BD72 /* image3inst1.jpeg */ = {isa = PBXFileReference; lastKnownFileType = image.jpeg; name = image3inst1.jpeg; path = ../../ImagensWeHelp/image3inst1.jpeg; sourceTree = "<group>"; };
		073ADD2218A5069C00A5BD72 /* image3inst2.jpeg */ = {isa = PBXFileReference; lastKnownFileType = image.jpeg; name = image3inst2.jpeg; path = ../../ImagensWeHelp/image3inst2.jpeg; sourceTree = "<group>"; };
		073ADD2318A5069C00A5BD72 /* image3inst3.jpeg */ = {isa = PBXFileReference; lastKnownFileType = image.jpeg; name = image3inst3.jpeg; path = ../../ImagensWeHelp/image3inst3.jpeg; sourceTree = "<group>"; };
		073ADD2418A5069C00A5BD72 /* image4inst1.jpeg */ = {isa = PBXFileReference; lastKnownFileType = image.jpeg; name = image4inst1.jpeg; path = ../../ImagensWeHelp/image4inst1.jpeg; sourceTree = "<group>"; };
		073ADD2518A5069C00A5BD72 /* image4inst2.jpeg */ = {isa = PBXFileReference; lastKnownFileType = image.jpeg; name = image4inst2.jpeg; path = ../../ImagensWeHelp/image4inst2.jpeg; sourceTree = "<group>"; };
		073ADD2618A5069C00A5BD72 /* image4inst3.jpeg */ = {isa = PBXFileReference; lastKnownFileType = image.jpeg; name = image4inst3.jpeg; path = ../../ImagensWeHelp/image4inst3.jpeg; sourceTree = "<group>"; };
		073ADD2718A5069C00A5BD72 /* image5inst1.jpeg */ = {isa = PBXFileReference; lastKnownFileType = image.jpeg; name = image5inst1.jpeg; path = ../../ImagensWeHelp/image5inst1.jpeg; sourceTree = "<group>"; };
		073ADD2818A5069C00A5BD72 /* image5inst2.jpeg */ = {isa = PBXFileReference; lastKnownFileType = image.jpeg; name = image5inst2.jpeg; path = ../../ImagensWeHelp/image5inst2.jpeg; sourceTree = "<group>"; };
		073ADD2918A5069C00A5BD72 /* image5inst3.jpeg */ = {isa = PBXFileReference; lastKnownFileType = image.jpeg; name = image5inst3.jpeg; path = ../../ImagensWeHelp/image5inst3.jpeg; sourceTree = "<group>"; };
		073ADD2A18A5069C00A5BD72 /* logo2.png */ = {isa = PBXFileReference; lastKnownFileType = image.png; name = logo2.png; path = ../../ImagensWeHelp/logo2.png; sourceTree = "<group>"; };
		073ADD2B18A5069C00A5BD72 /* rodape.png */ = {isa = PBXFileReference; lastKnownFileType = image.png; name = rodape.png; path = ../../ImagensWeHelp/rodape.png; sourceTree = "<group>"; };
		073ADD2C18A5069C00A5BD72 /* separador.png */ = {isa = PBXFileReference; lastKnownFileType = image.png; name = separador.png; path = ../../ImagensWeHelp/separador.png; sourceTree = "<group>"; };
		073ADD2D18A5069C00A5BD72 /* separador secao detalhe.png */ = {isa = PBXFileReference; lastKnownFileType = image.png; name = "separador secao detalhe.png"; path = "../../ImagensWeHelp/separador secao detalhe.png"; sourceTree = "<group>"; };
		073ADD2E18A5069C00A5BD72 /* spagseguro_logo.png */ = {isa = PBXFileReference; lastKnownFileType = image.png; name = spagseguro_logo.png; path = ../../ImagensWeHelp/spagseguro_logo.png; sourceTree = "<group>"; };
		073ADD7718A50AEC00A5BD72 /* InformacoesViewController.h */ = {isa = PBXFileReference; fileEncoding = 4; lastKnownFileType = sourcecode.c.h; path = InformacoesViewController.h; sourceTree = "<group>"; };
		073ADD7818A50AEC00A5BD72 /* InformacoesViewController.m */ = {isa = PBXFileReference; fileEncoding = 4; lastKnownFileType = sourcecode.c.objc; path = InformacoesViewController.m; sourceTree = "<group>"; };
		073ADD7A18A50B3400A5BD72 /* CadastroViewController.h */ = {isa = PBXFileReference; fileEncoding = 4; lastKnownFileType = sourcecode.c.h; path = CadastroViewController.h; sourceTree = "<group>"; };
		073ADD7B18A50B3400A5BD72 /* CadastroViewController.m */ = {isa = PBXFileReference; fileEncoding = 4; lastKnownFileType = sourcecode.c.objc; path = CadastroViewController.m; sourceTree = "<group>"; };
		073ADD7D18A5101000A5BD72 /* LocalizacaoTableViewController.h */ = {isa = PBXFileReference; fileEncoding = 4; lastKnownFileType = sourcecode.c.h; path = LocalizacaoTableViewController.h; sourceTree = "<group>"; };
		073ADD7E18A5101000A5BD72 /* LocalizacaoTableViewController.m */ = {isa = PBXFileReference; fileEncoding = 4; lastKnownFileType = sourcecode.c.objc; path = LocalizacaoTableViewController.m; sourceTree = "<group>"; };
		077F9B0F18A500E700A82782 /* TuAjuda.app */ = {isa = PBXFileReference; explicitFileType = wrapper.application; includeInIndex = 0; path = TuAjuda.app; sourceTree = BUILT_PRODUCTS_DIR; };
		077F9B1218A500E700A82782 /* Foundation.framework */ = {isa = PBXFileReference; lastKnownFileType = wrapper.framework; name = Foundation.framework; path = System/Library/Frameworks/Foundation.framework; sourceTree = SDKROOT; };
		077F9B1418A500E700A82782 /* CoreGraphics.framework */ = {isa = PBXFileReference; lastKnownFileType = wrapper.framework; name = CoreGraphics.framework; path = System/Library/Frameworks/CoreGraphics.framework; sourceTree = SDKROOT; };
		077F9B1618A500E700A82782 /* UIKit.framework */ = {isa = PBXFileReference; lastKnownFileType = wrapper.framework; name = UIKit.framework; path = System/Library/Frameworks/UIKit.framework; sourceTree = SDKROOT; };
		077F9B1A18A500E700A82782 /* TuAjuda-Info.plist */ = {isa = PBXFileReference; lastKnownFileType = text.plist.xml; path = "TuAjuda-Info.plist"; sourceTree = "<group>"; };
		077F9B1C18A500E700A82782 /* en */ = {isa = PBXFileReference; lastKnownFileType = text.plist.strings; name = en; path = en.lproj/InfoPlist.strings; sourceTree = "<group>"; };
		077F9B1E18A500E700A82782 /* main.m */ = {isa = PBXFileReference; lastKnownFileType = sourcecode.c.objc; path = main.m; sourceTree = "<group>"; };
		077F9B2018A500E700A82782 /* TuAjuda-Prefix.pch */ = {isa = PBXFileReference; lastKnownFileType = sourcecode.c.h; path = "TuAjuda-Prefix.pch"; sourceTree = "<group>"; };
		077F9B2118A500E700A82782 /* AppDelegate.h */ = {isa = PBXFileReference; lastKnownFileType = sourcecode.c.h; path = AppDelegate.h; sourceTree = "<group>"; };
		077F9B2218A500E700A82782 /* AppDelegate.m */ = {isa = PBXFileReference; lastKnownFileType = sourcecode.c.objc; path = AppDelegate.m; sourceTree = "<group>"; };
		077F9B2518A500E700A82782 /* Base */ = {isa = PBXFileReference; lastKnownFileType = file.storyboard; name = Base; path = Base.lproj/Main.storyboard; sourceTree = "<group>"; };
		077F9B2718A500E700A82782 /* ViewController.h */ = {isa = PBXFileReference; lastKnownFileType = sourcecode.c.h; path = ViewController.h; sourceTree = "<group>"; };
		077F9B2818A500E700A82782 /* ViewController.m */ = {isa = PBXFileReference; lastKnownFileType = sourcecode.c.objc; path = ViewController.m; sourceTree = "<group>"; };
		077F9B2A18A500E700A82782 /* Images.xcassets */ = {isa = PBXFileReference; lastKnownFileType = folder.assetcatalog; path = Images.xcassets; sourceTree = "<group>"; };
		077F9B3018A500E700A82782 /* TuAjudaTests.xctest */ = {isa = PBXFileReference; explicitFileType = wrapper.cfbundle; includeInIndex = 0; path = TuAjudaTests.xctest; sourceTree = BUILT_PRODUCTS_DIR; };
		077F9B3118A500E700A82782 /* XCTest.framework */ = {isa = PBXFileReference; lastKnownFileType = wrapper.framework; name = XCTest.framework; path = Library/Frameworks/XCTest.framework; sourceTree = DEVELOPER_DIR; };
		077F9B3918A500E700A82782 /* TuAjudaTests-Info.plist */ = {isa = PBXFileReference; lastKnownFileType = text.plist.xml; path = "TuAjudaTests-Info.plist"; sourceTree = "<group>"; };
		077F9B3B18A500E700A82782 /* en */ = {isa = PBXFileReference; lastKnownFileType = text.plist.strings; name = en; path = en.lproj/InfoPlist.strings; sourceTree = "<group>"; };
		077F9B3D18A500E700A82782 /* TuAjudaTests.m */ = {isa = PBXFileReference; lastKnownFileType = sourcecode.c.objc; path = TuAjudaTests.m; sourceTree = "<group>"; };
		0790826918A901D5008E6FC1 /* DetalheInstituicaoV3ViewController.h */ = {isa = PBXFileReference; fileEncoding = 4; lastKnownFileType = sourcecode.c.h; path = DetalheInstituicaoV3ViewController.h; sourceTree = "<group>"; };
		0790826A18A901D6008E6FC1 /* DetalheInstituicaoV3ViewController.m */ = {isa = PBXFileReference; fileEncoding = 4; lastKnownFileType = sourcecode.c.objc; path = DetalheInstituicaoV3ViewController.m; sourceTree = "<group>"; };
		0790826C18A90231008E6FC1 /* SaibaMaisViewController.h */ = {isa = PBXFileReference; fileEncoding = 4; lastKnownFileType = sourcecode.c.h; path = SaibaMaisViewController.h; sourceTree = "<group>"; };
		0790826D18A90231008E6FC1 /* SaibaMaisViewController.m */ = {isa = PBXFileReference; fileEncoding = 4; lastKnownFileType = sourcecode.c.objc; path = SaibaMaisViewController.m; sourceTree = "<group>"; };
		0790826F18A9042E008E6FC1 /* botao_pagseguro.png */ = {isa = PBXFileReference; lastKnownFileType = image.png; name = botao_pagseguro.png; path = ../../ImagensWeHelp/botao_pagseguro.png; sourceTree = "<group>"; };
		0790827018A9042E008E6FC1 /* botao_paypal_com_bordas.png */ = {isa = PBXFileReference; lastKnownFileType = image.png; name = botao_paypal_com_bordas.png; path = ../../ImagensWeHelp/botao_paypal_com_bordas.png; sourceTree = "<group>"; };
		0790827118A9042E008E6FC1 /* botao_paypal.png */ = {isa = PBXFileReference; lastKnownFileType = image.png; name = botao_paypal.png; path = ../../ImagensWeHelp/botao_paypal.png; sourceTree = "<group>"; };
		0790827218A9042E008E6FC1 /* spagseguro_logo.png */ = {isa = PBXFileReference; lastKnownFileType = image.png; name = spagseguro_logo.png; path = ../../ImagensWeHelp/spagseguro_logo.png; sourceTree = "<group>"; };
		0790827F18A90898008E6FC1 /* AELCA_capa.jpeg */ = {isa = PBXFileReference; lastKnownFileType = image.jpeg; name = AELCA_capa.jpeg; path = ../../ImagensWeHelp/AELCA_capa.jpeg; sourceTree = "<group>"; };
		0790828018A90898008E6FC1 /* AEVAS_capa.jpeg */ = {isa = PBXFileReference; lastKnownFileType = image.jpeg; name = AEVAS_capa.jpeg; path = ../../ImagensWeHelp/AEVAS_capa.jpeg; sourceTree = "<group>"; };
		0790828118A90898008E6FC1 /* CEREPAL_capa.jpeg */ = {isa = PBXFileReference; lastKnownFileType = image.jpeg; name = CEREPAL_capa.jpeg; path = ../../ImagensWeHelp/CEREPAL_capa.jpeg; sourceTree = "<group>"; };
		0790828218A90898008E6FC1 /* Fadem_capa.jpeg */ = {isa = PBXFileReference; lastKnownFileType = image.jpeg; name = Fadem_capa.jpeg; path = ../../ImagensWeHelp/Fadem_capa.jpeg; sourceTree = "<group>"; };
		0790828318A90898008E6FC1 /* IEIMAN_capa.jpeg */ = {isa = PBXFileReference; lastKnownFileType = image.jpeg; name = IEIMAN_capa.jpeg; path = ../../ImagensWeHelp/IEIMAN_capa.jpeg; sourceTree = "<group>"; };
		0790828418A90899008E6FC1 /* ISCERGS_capa.jpeg */ = {isa = PBXFileReference; lastKnownFileType = image.jpeg; name = ISCERGS_capa.jpeg; path = ../../ImagensWeHelp/ISCERGS_capa.jpeg; sourceTree = "<group>"; };
		0790828518A90899008E6FC1 /* ROYALE_capa.jpeg */ = {isa = PBXFileReference; lastKnownFileType = image.jpeg; name = ROYALE_capa.jpeg; path = ../../ImagensWeHelp/ROYALE_capa.jpeg; sourceTree = "<group>"; };
		0790828618A90899008E6FC1 /* SOS Vida_capa.jpeg */ = {isa = PBXFileReference; lastKnownFileType = image.jpeg; name = "SOS Vida_capa.jpeg"; path = "../../ImagensWeHelp/SOS Vida_capa.jpeg"; sourceTree = "<group>"; };
/* End PBXFileReference section */

/* Begin PBXFrameworksBuildPhase section */
		077F9B0C18A500E700A82782 /* Frameworks */ = {
			isa = PBXFrameworksBuildPhase;
			buildActionMask = 2147483647;
			files = (
				077F9B1518A500E700A82782 /* CoreGraphics.framework in Frameworks */,
				077F9B1718A500E700A82782 /* UIKit.framework in Frameworks */,
				077F9B1318A500E700A82782 /* Foundation.framework in Frameworks */,
			);
			runOnlyForDeploymentPostprocessing = 0;
		};
		077F9B2D18A500E700A82782 /* Frameworks */ = {
			isa = PBXFrameworksBuildPhase;
			buildActionMask = 2147483647;
			files = (
				077F9B3218A500E700A82782 /* XCTest.framework in Frameworks */,
				077F9B3418A500E700A82782 /* UIKit.framework in Frameworks */,
				077F9B3318A500E700A82782 /* Foundation.framework in Frameworks */,
			);
			runOnlyForDeploymentPostprocessing = 0;
		};
/* End PBXFrameworksBuildPhase section */

/* Begin PBXGroup section */
		073ADD0818A5019600A5BD72 /* ViewController */ = {
			isa = PBXGroup;
			children = (
				077F9B2718A500E700A82782 /* ViewController.h */,
				077F9B2818A500E700A82782 /* ViewController.m */,
				073ADD1018A5039C00A5BD72 /* TiposInstituicoesViewController.h */,
				073ADD1118A5039C00A5BD72 /* TiposInstituicoesViewController.m */,
				073ADD1318A5045E00A5BD72 /* ListaInstTableViewController.h */,
				073ADD1418A5045E00A5BD72 /* ListaInstTableViewController.m */,
				073ADD7718A50AEC00A5BD72 /* InformacoesViewController.h */,
				073ADD7818A50AEC00A5BD72 /* InformacoesViewController.m */,
				073ADD7A18A50B3400A5BD72 /* CadastroViewController.h */,
				073ADD7B18A50B3400A5BD72 /* CadastroViewController.m */,
				073ADD7D18A5101000A5BD72 /* LocalizacaoTableViewController.h */,
				073ADD7E18A5101000A5BD72 /* LocalizacaoTableViewController.m */,
				0790826918A901D5008E6FC1 /* DetalheInstituicaoV3ViewController.h */,
				0790826A18A901D6008E6FC1 /* DetalheInstituicaoV3ViewController.m */,
				0790826C18A90231008E6FC1 /* SaibaMaisViewController.h */,
				0790826D18A90231008E6FC1 /* SaibaMaisViewController.m */,
			);
			name = ViewController;
			sourceTree = "<group>";
		};
		073ADD0918A501A500A5BD72 /* Model */ = {
			isa = PBXGroup;
			children = (
				073ADD0A18A501F000A5BD72 /* Instituicao.h */,
				073ADD0B18A501F000A5BD72 /* Instituicao.m */,
			);
			name = Model;
			sourceTree = "<group>";
		};
		073ADD1618A5068800A5BD72 /* Images */ = {
			isa = PBXGroup;
			children = (
				073ADD1718A5069C00A5BD72 /* fundo botoes doacao.png */,
				073ADD1818A5069C00A5BD72 /* fundohome 2.png */,
				073ADD1918A5069C00A5BD72 /* fundohome.png */,
				073ADD1A18A5069C00A5BD72 /* homefundocorel.png */,
				073ADD1B18A5069C00A5BD72 /* image1inst1.jpeg */,
				073ADD1C18A5069C00A5BD72 /* image1inst2.jpeg */,
				073ADD1D18A5069C00A5BD72 /* image1inst3.jpeg */,
				073ADD1E18A5069C00A5BD72 /* image2inst1.jpeg */,
				0790826F18A9042E008E6FC1 /* botao_pagseguro.png */,
				0790827018A9042E008E6FC1 /* botao_paypal_com_bordas.png */,
				0790827118A9042E008E6FC1 /* botao_paypal.png */,
				0790827218A9042E008E6FC1 /* spagseguro_logo.png */,
				073ADD1F18A5069C00A5BD72 /* image2inst2.jpeg */,
				073ADD2018A5069C00A5BD72 /* image2inst3.jpeg */,
				073ADD2118A5069C00A5BD72 /* image3inst1.jpeg */,
				073ADD2218A5069C00A5BD72 /* image3inst2.jpeg */,
				0790827F18A90898008E6FC1 /* AELCA_capa.jpeg */,
				0790828018A90898008E6FC1 /* AEVAS_capa.jpeg */,
				0790828118A90898008E6FC1 /* CEREPAL_capa.jpeg */,
				0790828218A90898008E6FC1 /* Fadem_capa.jpeg */,
				0790828318A90898008E6FC1 /* IEIMAN_capa.jpeg */,
				0790828418A90899008E6FC1 /* ISCERGS_capa.jpeg */,
				0790828518A90899008E6FC1 /* ROYALE_capa.jpeg */,
				0790828618A90899008E6FC1 /* SOS Vida_capa.jpeg */,
				073ADD2318A5069C00A5BD72 /* image3inst3.jpeg */,
				073ADD2418A5069C00A5BD72 /* image4inst1.jpeg */,
				073ADD2518A5069C00A5BD72 /* image4inst2.jpeg */,
				073ADD2618A5069C00A5BD72 /* image4inst3.jpeg */,
				073ADD2718A5069C00A5BD72 /* image5inst1.jpeg */,
				073ADD2818A5069C00A5BD72 /* image5inst2.jpeg */,
				073ADD2918A5069C00A5BD72 /* image5inst3.jpeg */,
				073ADD2A18A5069C00A5BD72 /* logo2.png */,
				073ADD2B18A5069C00A5BD72 /* rodape.png */,
				073ADD2C18A5069C00A5BD72 /* separador.png */,
				073ADD2D18A5069C00A5BD72 /* separador secao detalhe.png */,
				073ADD2E18A5069C00A5BD72 /* spagseguro_logo.png */,
			);
			name = Images;
			sourceTree = "<group>";
		};
		077F9B0618A500E700A82782 = {
			isa = PBXGroup;
			children = (
				077F9B1818A500E700A82782 /* TuAjuda */,
				077F9B3718A500E700A82782 /* TuAjudaTests */,
				077F9B1118A500E700A82782 /* Frameworks */,
				077F9B1018A500E700A82782 /* Products */,
			);
			sourceTree = "<group>";
		};
		077F9B1018A500E700A82782 /* Products */ = {
			isa = PBXGroup;
			children = (
				077F9B0F18A500E700A82782 /* TuAjuda.app */,
				077F9B3018A500E700A82782 /* TuAjudaTests.xctest */,
			);
			name = Products;
			sourceTree = "<group>";
		};
		077F9B1118A500E700A82782 /* Frameworks */ = {
			isa = PBXGroup;
			children = (
				077F9B1218A500E700A82782 /* Foundation.framework */,
				077F9B1418A500E700A82782 /* CoreGraphics.framework */,
				077F9B1618A500E700A82782 /* UIKit.framework */,
				077F9B3118A500E700A82782 /* XCTest.framework */,
			);
			name = Frameworks;
			sourceTree = "<group>";
		};
		077F9B1818A500E700A82782 /* TuAjuda */ = {
			isa = PBXGroup;
			children = (
				073ADD1618A5068800A5BD72 /* Images */,
				073ADD0918A501A500A5BD72 /* Model */,
				073ADD0818A5019600A5BD72 /* ViewController */,
				077F9B2118A500E700A82782 /* AppDelegate.h */,
				077F9B2218A500E700A82782 /* AppDelegate.m */,
				077F9B2418A500E700A82782 /* Main.storyboard */,
				077F9B2A18A500E700A82782 /* Images.xcassets */,
				077F9B1918A500E700A82782 /* Supporting Files */,
			);
			path = TuAjuda;
			sourceTree = "<group>";
		};
		077F9B1918A500E700A82782 /* Supporting Files */ = {
			isa = PBXGroup;
			children = (
				077F9B1A18A500E700A82782 /* TuAjuda-Info.plist */,
				077F9B1B18A500E700A82782 /* InfoPlist.strings */,
				077F9B1E18A500E700A82782 /* main.m */,
				077F9B2018A500E700A82782 /* TuAjuda-Prefix.pch */,
			);
			name = "Supporting Files";
			sourceTree = "<group>";
		};
		077F9B3718A500E700A82782 /* TuAjudaTests */ = {
			isa = PBXGroup;
			children = (
				077F9B3D18A500E700A82782 /* TuAjudaTests.m */,
				077F9B3818A500E700A82782 /* Supporting Files */,
			);
			path = TuAjudaTests;
			sourceTree = "<group>";
		};
		077F9B3818A500E700A82782 /* Supporting Files */ = {
			isa = PBXGroup;
			children = (
				077F9B3918A500E700A82782 /* TuAjudaTests-Info.plist */,
				077F9B3A18A500E700A82782 /* InfoPlist.strings */,
			);
			name = "Supporting Files";
			sourceTree = "<group>";
		};
/* End PBXGroup section */

/* Begin PBXNativeTarget section */
		077F9B0E18A500E700A82782 /* TuAjuda */ = {
			isa = PBXNativeTarget;
			buildConfigurationList = 077F9B4118A500E700A82782 /* Build configuration list for PBXNativeTarget "TuAjuda" */;
			buildPhases = (
				077F9B0B18A500E700A82782 /* Sources */,
				077F9B0C18A500E700A82782 /* Frameworks */,
				077F9B0D18A500E700A82782 /* Resources */,
			);
			buildRules = (
			);
			dependencies = (
			);
			name = TuAjuda;
			productName = TuAjuda;
			productReference = 077F9B0F18A500E700A82782 /* TuAjuda.app */;
			productType = "com.apple.product-type.application";
		};
		077F9B2F18A500E700A82782 /* TuAjudaTests */ = {
			isa = PBXNativeTarget;
			buildConfigurationList = 077F9B4418A500E700A82782 /* Build configuration list for PBXNativeTarget "TuAjudaTests" */;
			buildPhases = (
				077F9B2C18A500E700A82782 /* Sources */,
				077F9B2D18A500E700A82782 /* Frameworks */,
				077F9B2E18A500E700A82782 /* Resources */,
			);
			buildRules = (
			);
			dependencies = (
				077F9B3618A500E700A82782 /* PBXTargetDependency */,
			);
			name = TuAjudaTests;
			productName = TuAjudaTests;
			productReference = 077F9B3018A500E700A82782 /* TuAjudaTests.xctest */;
			productType = "com.apple.product-type.bundle.unit-test";
		};
/* End PBXNativeTarget section */

/* Begin PBXProject section */
		077F9B0718A500E700A82782 /* Project object */ = {
			isa = PBXProject;
			attributes = {
				LastUpgradeCheck = 0500;
				ORGANIZATIONNAME = BEPiD.TuAjuda;
				TargetAttributes = {
					077F9B2F18A500E700A82782 = {
						TestTargetID = 077F9B0E18A500E700A82782;
					};
				};
			};
			buildConfigurationList = 077F9B0A18A500E700A82782 /* Build configuration list for PBXProject "TuAjuda" */;
			compatibilityVersion = "Xcode 3.2";
			developmentRegion = English;
			hasScannedForEncodings = 0;
			knownRegions = (
				en,
				Base,
			);
			mainGroup = 077F9B0618A500E700A82782;
			productRefGroup = 077F9B1018A500E700A82782 /* Products */;
			projectDirPath = "";
			projectRoot = "";
			targets = (
				077F9B0E18A500E700A82782 /* TuAjuda */,
				077F9B2F18A500E700A82782 /* TuAjudaTests */,
			);
		};
/* End PBXProject section */

/* Begin PBXResourcesBuildPhase section */
		077F9B0D18A500E700A82782 /* Resources */ = {
			isa = PBXResourcesBuildPhase;
			buildActionMask = 2147483647;
			files = (
				073ADD3818A5069C00A5BD72 /* image2inst3.jpeg in Resources */,
				077F9B2B18A500E700A82782 /* Images.xcassets in Resources */,
				073ADD3718A5069C00A5BD72 /* image2inst2.jpeg in Resources */,
				0790828918A90899008E6FC1 /* CEREPAL_capa.jpeg in Resources */,
				073ADD3D18A5069C00A5BD72 /* image4inst2.jpeg in Resources */,
				073ADD4218A5069C00A5BD72 /* logo2.png in Resources */,
				073ADD3218A5069C00A5BD72 /* homefundocorel.png in Resources */,
				0790828E18A90899008E6FC1 /* SOS Vida_capa.jpeg in Resources */,
				073ADD3018A5069C00A5BD72 /* fundohome 2.png in Resources */,
				0790827318A9042E008E6FC1 /* botao_pagseguro.png in Resources */,
				073ADD2F18A5069C00A5BD72 /* fundo botoes doacao.png in Resources */,
				0790828A18A90899008E6FC1 /* Fadem_capa.jpeg in Resources */,
				073ADD4318A5069C00A5BD72 /* rodape.png in Resources */,
				073ADD3F18A5069C00A5BD72 /* image5inst1.jpeg in Resources */,
				073ADD4618A5069C00A5BD72 /* spagseguro_logo.png in Resources */,
				073ADD4418A5069C00A5BD72 /* separador.png in Resources */,
				0790828718A90899008E6FC1 /* AELCA_capa.jpeg in Resources */,
				0790827618A9042E008E6FC1 /* spagseguro_logo.png in Resources */,
				073ADD3E18A5069C00A5BD72 /* image4inst3.jpeg in Resources */,
				0790827518A9042E008E6FC1 /* botao_paypal.png in Resources */,
				073ADD3118A5069C00A5BD72 /* fundohome.png in Resources */,
				0790827418A9042E008E6FC1 /* botao_paypal_com_bordas.png in Resources */,
				0790828C18A90899008E6FC1 /* ISCERGS_capa.jpeg in Resources */,
				0790828D18A90899008E6FC1 /* ROYALE_capa.jpeg in Resources */,
				073ADD3518A5069C00A5BD72 /* image1inst3.jpeg in Resources */,
				073ADD3A18A5069C00A5BD72 /* image3inst2.jpeg in Resources */,
				0790828B18A90899008E6FC1 /* IEIMAN_capa.jpeg in Resources */,
				077F9B1D18A500E700A82782 /* InfoPlist.strings in Resources */,
				077F9B2618A500E700A82782 /* Main.storyboard in Resources */,
				073ADD4518A5069C00A5BD72 /* separador secao detalhe.png in Resources */,
				073ADD3B18A5069C00A5BD72 /* image3inst3.jpeg in Resources */,
				073ADD3418A5069C00A5BD72 /* image1inst2.jpeg in Resources */,
				073ADD4018A5069C00A5BD72 /* image5inst2.jpeg in Resources */,
				073ADD3918A5069C00A5BD72 /* image3inst1.jpeg in Resources */,
				073ADD3618A5069C00A5BD72 /* image2inst1.jpeg in Resources */,
				073ADD3C18A5069C00A5BD72 /* image4inst1.jpeg in Resources */,
				073ADD3318A5069C00A5BD72 /* image1inst1.jpeg in Resources */,
				0790828818A90899008E6FC1 /* AEVAS_capa.jpeg in Resources */,
				073ADD4118A5069C00A5BD72 /* image5inst3.jpeg in Resources */,
			);
			runOnlyForDeploymentPostprocessing = 0;
		};
		077F9B2E18A500E700A82782 /* Resources */ = {
			isa = PBXResourcesBuildPhase;
			buildActionMask = 2147483647;
			files = (
				077F9B3C18A500E700A82782 /* InfoPlist.strings in Resources */,
			);
			runOnlyForDeploymentPostprocessing = 0;
		};
/* End PBXResourcesBuildPhase section */

/* Begin PBXSourcesBuildPhase section */
		077F9B0B18A500E700A82782 /* Sources */ = {
			isa = PBXSourcesBuildPhase;
			buildActionMask = 2147483647;
			files = (
				073ADD7918A50AEC00A5BD72 /* InformacoesViewController.m in Sources */,
				073ADD0C18A501F000A5BD72 /* Instituicao.m in Sources */,
				073ADD1518A5045E00A5BD72 /* ListaInstTableViewController.m in Sources */,
				073ADD7C18A50B3400A5BD72 /* CadastroViewController.m in Sources */,
				0790826E18A90231008E6FC1 /* SaibaMaisViewController.m in Sources */,
				077F9B2918A500E700A82782 /* ViewController.m in Sources */,
				077F9B2318A500E700A82782 /* AppDelegate.m in Sources */,
				077F9B1F18A500E700A82782 /* main.m in Sources */,
				073ADD7F18A5101000A5BD72 /* LocalizacaoTableViewController.m in Sources */,
				0790826B18A901D6008E6FC1 /* DetalheInstituicaoV3ViewController.m in Sources */,
				073ADD1218A5039C00A5BD72 /* TiposInstituicoesViewController.m in Sources */,
			);
			runOnlyForDeploymentPostprocessing = 0;
		};
		077F9B2C18A500E700A82782 /* Sources */ = {
			isa = PBXSourcesBuildPhase;
			buildActionMask = 2147483647;
			files = (
				077F9B3E18A500E700A82782 /* TuAjudaTests.m in Sources */,
			);
			runOnlyForDeploymentPostprocessing = 0;
		};
/* End PBXSourcesBuildPhase section */

/* Begin PBXTargetDependency section */
		077F9B3618A500E700A82782 /* PBXTargetDependency */ = {
			isa = PBXTargetDependency;
			target = 077F9B0E18A500E700A82782 /* TuAjuda */;
			targetProxy = 077F9B3518A500E700A82782 /* PBXContainerItemProxy */;
		};
/* End PBXTargetDependency section */

/* Begin PBXVariantGroup section */
		077F9B1B18A500E700A82782 /* InfoPlist.strings */ = {
			isa = PBXVariantGroup;
			children = (
				077F9B1C18A500E700A82782 /* en */,
			);
			name = InfoPlist.strings;
			sourceTree = "<group>";
		};
		077F9B2418A500E700A82782 /* Main.storyboard */ = {
			isa = PBXVariantGroup;
			children = (
				077F9B2518A500E700A82782 /* Base */,
			);
			name = Main.storyboard;
			sourceTree = "<group>";
		};
		077F9B3A18A500E700A82782 /* InfoPlist.strings */ = {
			isa = PBXVariantGroup;
			children = (
				077F9B3B18A500E700A82782 /* en */,
			);
			name = InfoPlist.strings;
			sourceTree = "<group>";
		};
/* End PBXVariantGroup section */

/* Begin XCBuildConfiguration section */
		077F9B3F18A500E700A82782 /* Debug */ = {
			isa = XCBuildConfiguration;
			buildSettings = {
				ALWAYS_SEARCH_USER_PATHS = NO;
				ARCHS = "$(ARCHS_STANDARD_INCLUDING_64_BIT)";
				CLANG_CXX_LANGUAGE_STANDARD = "gnu++0x";
				CLANG_CXX_LIBRARY = "libc++";
				CLANG_ENABLE_MODULES = YES;
				CLANG_ENABLE_OBJC_ARC = YES;
				CLANG_WARN_BOOL_CONVERSION = YES;
				CLANG_WARN_CONSTANT_CONVERSION = YES;
				CLANG_WARN_DIRECT_OBJC_ISA_USAGE = YES_ERROR;
				CLANG_WARN_EMPTY_BODY = YES;
				CLANG_WARN_ENUM_CONVERSION = YES;
				CLANG_WARN_INT_CONVERSION = YES;
				CLANG_WARN_OBJC_ROOT_CLASS = YES_ERROR;
				CLANG_WARN__DUPLICATE_METHOD_MATCH = YES;
				"CODE_SIGN_IDENTITY[sdk=iphoneos*]" = "iPhone Developer";
				COPY_PHASE_STRIP = NO;
				GCC_C_LANGUAGE_STANDARD = gnu99;
				GCC_DYNAMIC_NO_PIC = NO;
				GCC_OPTIMIZATION_LEVEL = 0;
				GCC_PREPROCESSOR_DEFINITIONS = (
					"DEBUG=1",
					"$(inherited)",
				);
				GCC_SYMBOLS_PRIVATE_EXTERN = NO;
				GCC_WARN_64_TO_32_BIT_CONVERSION = YES;
				GCC_WARN_ABOUT_RETURN_TYPE = YES_ERROR;
				GCC_WARN_UNDECLARED_SELECTOR = YES;
				GCC_WARN_UNINITIALIZED_AUTOS = YES;
				GCC_WARN_UNUSED_FUNCTION = YES;
				GCC_WARN_UNUSED_VARIABLE = YES;
				IPHONEOS_DEPLOYMENT_TARGET = 7.0;
				ONLY_ACTIVE_ARCH = YES;
				SDKROOT = iphoneos;
			};
			name = Debug;
		};
		077F9B4018A500E700A82782 /* Release */ = {
			isa = XCBuildConfiguration;
			buildSettings = {
				ALWAYS_SEARCH_USER_PATHS = NO;
				ARCHS = "$(ARCHS_STANDARD_INCLUDING_64_BIT)";
				CLANG_CXX_LANGUAGE_STANDARD = "gnu++0x";
				CLANG_CXX_LIBRARY = "libc++";
				CLANG_ENABLE_MODULES = YES;
				CLANG_ENABLE_OBJC_ARC = YES;
				CLANG_WARN_BOOL_CONVERSION = YES;
				CLANG_WARN_CONSTANT_CONVERSION = YES;
				CLANG_WARN_DIRECT_OBJC_ISA_USAGE = YES_ERROR;
				CLANG_WARN_EMPTY_BODY = YES;
				CLANG_WARN_ENUM_CONVERSION = YES;
				CLANG_WARN_INT_CONVERSION = YES;
				CLANG_WARN_OBJC_ROOT_CLASS = YES_ERROR;
				CLANG_WARN__DUPLICATE_METHOD_MATCH = YES;
				"CODE_SIGN_IDENTITY[sdk=iphoneos*]" = "iPhone Developer";
				COPY_PHASE_STRIP = YES;
				ENABLE_NS_ASSERTIONS = NO;
				GCC_C_LANGUAGE_STANDARD = gnu99;
				GCC_WARN_64_TO_32_BIT_CONVERSION = YES;
				GCC_WARN_ABOUT_RETURN_TYPE = YES_ERROR;
				GCC_WARN_UNDECLARED_SELECTOR = YES;
				GCC_WARN_UNINITIALIZED_AUTOS = YES;
				GCC_WARN_UNUSED_FUNCTION = YES;
				GCC_WARN_UNUSED_VARIABLE = YES;
				IPHONEOS_DEPLOYMENT_TARGET = 7.0;
				SDKROOT = iphoneos;
				VALIDATE_PRODUCT = YES;
			};
			name = Release;
		};
		077F9B4218A500E700A82782 /* Debug */ = {
			isa = XCBuildConfiguration;
			buildSettings = {
				ASSETCATALOG_COMPILER_APPICON_NAME = AppIcon;
				ASSETCATALOG_COMPILER_LAUNCHIMAGE_NAME = LaunchImage;
				GCC_PRECOMPILE_PREFIX_HEADER = YES;
				GCC_PREFIX_HEADER = "TuAjuda/TuAjuda-Prefix.pch";
				INFOPLIST_FILE = "TuAjuda/TuAjuda-Info.plist";
				PRODUCT_NAME = "$(TARGET_NAME)";
				WRAPPER_EXTENSION = app;
			};
			name = Debug;
		};
		077F9B4318A500E700A82782 /* Release */ = {
			isa = XCBuildConfiguration;
			buildSettings = {
				ASSETCATALOG_COMPILER_APPICON_NAME = AppIcon;
				ASSETCATALOG_COMPILER_LAUNCHIMAGE_NAME = LaunchImage;
				GCC_PRECOMPILE_PREFIX_HEADER = YES;
				GCC_PREFIX_HEADER = "TuAjuda/TuAjuda-Prefix.pch";
				INFOPLIST_FILE = "TuAjuda/TuAjuda-Info.plist";
				PRODUCT_NAME = "$(TARGET_NAME)";
				WRAPPER_EXTENSION = app;
			};
			name = Release;
		};
		077F9B4518A500E700A82782 /* Debug */ = {
			isa = XCBuildConfiguration;
			buildSettings = {
				ARCHS = "$(ARCHS_STANDARD_INCLUDING_64_BIT)";
				BUNDLE_LOADER = "$(BUILT_PRODUCTS_DIR)/TuAjuda.app/TuAjuda";
				FRAMEWORK_SEARCH_PATHS = (
					"$(SDKROOT)/Developer/Library/Frameworks",
					"$(inherited)",
					"$(DEVELOPER_FRAMEWORKS_DIR)",
				);
				GCC_PRECOMPILE_PREFIX_HEADER = YES;
				GCC_PREFIX_HEADER = "TuAjuda/TuAjuda-Prefix.pch";
				GCC_PREPROCESSOR_DEFINITIONS = (
					"DEBUG=1",
					"$(inherited)",
				);
				INFOPLIST_FILE = "TuAjudaTests/TuAjudaTests-Info.plist";
				PRODUCT_NAME = "$(TARGET_NAME)";
				TEST_HOST = "$(BUNDLE_LOADER)";
				WRAPPER_EXTENSION = xctest;
			};
			name = Debug;
		};
		077F9B4618A500E700A82782 /* Release */ = {
			isa = XCBuildConfiguration;
			buildSettings = {
				ARCHS = "$(ARCHS_STANDARD_INCLUDING_64_BIT)";
				BUNDLE_LOADER = "$(BUILT_PRODUCTS_DIR)/TuAjuda.app/TuAjuda";
				FRAMEWORK_SEARCH_PATHS = (
					"$(SDKROOT)/Developer/Library/Frameworks",
					"$(inherited)",
					"$(DEVELOPER_FRAMEWORKS_DIR)",
				);
				GCC_PRECOMPILE_PREFIX_HEADER = YES;
				GCC_PREFIX_HEADER = "TuAjuda/TuAjuda-Prefix.pch";
				INFOPLIST_FILE = "TuAjudaTests/TuAjudaTests-Info.plist";
				PRODUCT_NAME = "$(TARGET_NAME)";
				TEST_HOST = "$(BUNDLE_LOADER)";
				WRAPPER_EXTENSION = xctest;
			};
			name = Release;
		};
/* End XCBuildConfiguration section */

/* Begin XCConfigurationList section */
		077F9B0A18A500E700A82782 /* Build configuration list for PBXProject "TuAjuda" */ = {
			isa = XCConfigurationList;
			buildConfigurations = (
				077F9B3F18A500E700A82782 /* Debug */,
				077F9B4018A500E700A82782 /* Release */,
			);
			defaultConfigurationIsVisible = 0;
			defaultConfigurationName = Release;
		};
		077F9B4118A500E700A82782 /* Build configuration list for PBXNativeTarget "TuAjuda" */ = {
			isa = XCConfigurationList;
			buildConfigurations = (
				077F9B4218A500E700A82782 /* Debug */,
				077F9B4318A500E700A82782 /* Release */,
			);
			defaultConfigurationIsVisible = 0;
			defaultConfigurationName = Release;
		};
		077F9B4418A500E700A82782 /* Build configuration list for PBXNativeTarget "TuAjudaTests" */ = {
			isa = XCConfigurationList;
			buildConfigurations = (
				077F9B4518A500E700A82782 /* Debug */,
				077F9B4618A500E700A82782 /* Release */,
			);
			defaultConfigurationIsVisible = 0;
			defaultConfigurationName = Release;
		};
/* End XCConfigurationList section */
	};
	rootObject = 077F9B0718A500E700A82782 /* Project object */;
}
